// !$*UTF8*$!
{
	archiveVersion = 1;
	classes = {
	};
	objectVersion = 46;
	objects = {

/* Begin PBXBuildFile section */
		1DCC05FA1D1E67AD000C95A2 /* main.m in Sources */ = {isa = PBXBuildFile; fileRef = 1DCC05F91D1E67AD000C95A2 /* main.m */; };
/* End PBXBuildFile section */

/* Begin PBXCopyFilesBuildPhase section */
		1DCC05F41D1E67AD000C95A2 /* CopyFiles */ = {
			isa = PBXCopyFilesBuildPhase;
			buildActionMask = 2147483647;
			dstPath = /usr/share/man/man1/;
			dstSubfolderSpec = 0;
			files = (
			);
			runOnlyForDeploymentPostprocessing = 1;
		};
/* End PBXCopyFilesBuildPhase section */

/* Begin PBXFileReference section */
		1D9FD30E1D1E798100266E11 /* .gitignore */ = {isa = PBXFileReference; lastKnownFileType = text; path = .gitignore; sourceTree = "<group>"; };
		1D9FD30F1D1E79C500266E11 /* LICENSE.md */ = {isa = PBXFileReference; lastKnownFileType = net.daringfireball.markdown; path = LICENSE.md; sourceTree = "<group>"; };
		1D9FD3101D1E79DD00266E11 /* README.md */ = {isa = PBXFileReference; lastKnownFileType = net.daringfireball.markdown; path = README.md; sourceTree = "<group>"; };
		1DCC05F61D1E67AD000C95A2 /* xcode-register */ = {isa = PBXFileReference; explicitFileType = "compiled.mach-o.executable"; includeInIndex = 0; path = "xcode-register"; sourceTree = BUILT_PRODUCTS_DIR; };
		1DCC05F91D1E67AD000C95A2 /* main.m */ = {isa = PBXFileReference; lastKnownFileType = sourcecode.c.objc; path = main.m; sourceTree = "<group>"; };
/* End PBXFileReference section */

/* Begin PBXFrameworksBuildPhase section */
		1DCC05F31D1E67AD000C95A2 /* Frameworks */ = {
			isa = PBXFrameworksBuildPhase;
			buildActionMask = 2147483647;
			files = (
			);
			runOnlyForDeploymentPostprocessing = 0;
		};
/* End PBXFrameworksBuildPhase section */

/* Begin PBXGroup section */
		1DCC05ED1D1E67AD000C95A2 = {
			isa = PBXGroup;
			children = (
				1D9FD30E1D1E798100266E11 /* .gitignore */,
				1D9FD30F1D1E79C500266E11 /* LICENSE.md */,
				1D9FD3101D1E79DD00266E11 /* README.md */,
				1DCC05F81D1E67AD000C95A2 /* xcode-register */,
				1DCC05F71D1E67AD000C95A2 /* Products */,
			);
			sourceTree = "<group>";
		};
		1DCC05F71D1E67AD000C95A2 /* Products */ = {
			isa = PBXGroup;
			children = (
				1DCC05F61D1E67AD000C95A2 /* xcode-register */,
			);
			name = Products;
			sourceTree = "<group>";
		};
		1DCC05F81D1E67AD000C95A2 /* xcode-register */ = {
			isa = PBXGroup;
			children = (
				1DCC05F91D1E67AD000C95A2 /* main.m */,
			);
			path = "xcode-register";
			sourceTree = "<group>";
		};
/* End PBXGroup section */

/* Begin PBXNativeTarget section */
		1DCC05F51D1E67AD000C95A2 /* xcode-register */ = {
			isa = PBXNativeTarget;
			buildConfigurationList = 1DCC05FD1D1E67AD000C95A2 /* Build configuration list for PBXNativeTarget "xcode-register" */;
			buildPhases = (
				1DCC05F21D1E67AD000C95A2 /* Sources */,
				1DCC05F31D1E67AD000C95A2 /* Frameworks */,
				1DCC05F41D1E67AD000C95A2 /* CopyFiles */,
			);
			buildRules = (
			);
			dependencies = (
			);
			name = "xcode-register";
			productName = "xcode-register";
			productReference = 1DCC05F61D1E67AD000C95A2 /* xcode-register */;
			productType = "com.apple.product-type.tool";
		};
/* End PBXNativeTarget section */

/* Begin PBXProject section */
		1DCC05EE1D1E67AD000C95A2 /* Project object */ = {
			isa = PBXProject;
			attributes = {
				LastUpgradeCheck = 0800;
				ORGANIZATIONNAME = DreamCity;
				TargetAttributes = {
					1DCC05F51D1E67AD000C95A2 = {
						CreatedOnToolsVersion = 8.0;
						DevelopmentTeam = C568EPK3JP;
						DevelopmentTeamName = "Beizong Chen";
						ProvisioningStyle = Automatic;
					};
				};
			};
			buildConfigurationList = 1DCC05F11D1E67AD000C95A2 /* Build configuration list for PBXProject "xcode-register" */;
			compatibilityVersion = "Xcode 3.2";
			developmentRegion = English;
			hasScannedForEncodings = 0;
			knownRegions = (
				en,
			);
			mainGroup = 1DCC05ED1D1E67AD000C95A2;
			productRefGroup = 1DCC05F71D1E67AD000C95A2 /* Products */;
			projectDirPath = "";
			projectRoot = "";
			targets = (
				1DCC05F51D1E67AD000C95A2 /* xcode-register */,
			);
		};
/* End PBXProject section */

/* Begin PBXSourcesBuildPhase section */
		1DCC05F21D1E67AD000C95A2 /* Sources */ = {
			isa = PBXSourcesBuildPhase;
			buildActionMask = 2147483647;
			files = (
				1DCC05FA1D1E67AD000C95A2 /* main.m in Sources */,
			);
			runOnlyForDeploymentPostprocessing = 0;
		};
/* End PBXSourcesBuildPhase section */

/* Begin XCBuildConfiguration section */
		1DCC05FB1D1E67AD000C95A2 /* Debug */ = {
			isa = XCBuildConfiguration;
			buildSettings = {
				ALWAYS_SEARCH_USER_PATHS = NO;
				CLANG_ANALYZER_NONNULL = YES;
				CLANG_CXX_LANGUAGE_STANDARD = "gnu++0x";
				CLANG_CXX_LIBRARY = "libc++";
				CLANG_ENABLE_MODULES = YES;
				CLANG_ENABLE_OBJC_ARC = YES;
				CLANG_WARN_BOOL_CONVERSION = YES;
				CLANG_WARN_CONSTANT_CONVERSION = YES;
				CLANG_WARN_DIRECT_OBJC_ISA_USAGE = YES_ERROR;
				CLANG_WARN_DOCUMENTATION_COMMENTS = YES;
				CLANG_WARN_EMPTY_BODY = YES;
				CLANG_WARN_ENUM_CONVERSION = YES;
				CLANG_WARN_INT_CONVERSION = YES;
				CLANG_WARN_OBJC_ROOT_CLASS = YES_ERROR;
				CLANG_WARN_UNREACHABLE_CODE = YES;
				CLANG_WARN__DUPLICATE_METHOD_MATCH = YES;
				CODE_SIGN_IDENTITY = "-";
				COPY_PHASE_STRIP = NO;
				DEBUG_INFORMATION_FORMAT = dwarf;
				ENABLE_STRICT_OBJC_MSGSEND = YES;
				ENABLE_TESTABILITY = YES;
				GCC_C_LANGUAGE_STANDARD = gnu99;
				GCC_DYNAMIC_NO_PIC = NO;
				GCC_NO_COMMON_BLOCKS = YES;
				GCC_OPTIMIZATION_LEVEL = 0;
				GCC_PREPROCESSOR_DEFINITIONS = (
					"DEBUG=1",
					"$(inherited)",
				);
				GCC_WARN_64_TO_32_BIT_CONVERSION = YES;
				GCC_WARN_ABOUT_RETURN_TYPE = YES_ERROR;
				GCC_WARN_UNDECLARED_SELECTOR = YES;
				GCC_WARN_UNINITIALIZED_AUTOS = YES_AGGRESSIVE;
				GCC_WARN_UNUSED_FUNCTION = YES;
				GCC_WARN_UNUSED_VARIABLE = YES;
				MACOSX_DEPLOYMENT_TARGET = 10.12;
				MTL_ENABLE_DEBUG_INFO = YES;
				ONLY_ACTIVE_ARCH = YES;
				SDKROOT = macosx;
			};
			name = Debug;
		};
		1DCC05FC1D1E67AD000C95A2 /* Release */ = {
			isa = XCBuildConfiguration;
			buildSettings = {
				ALWAYS_SEARCH_USER_PATHS = NO;
				CLANG_ANALYZER_NONNULL = YES;
				CLANG_CXX_LANGUAGE_STANDARD = "gnu++0x";
				CLANG_CXX_LIBRARY = "libc++";
				CLANG_ENABLE_MODULES = YES;
				CLANG_ENABLE_OBJC_ARC = YES;
				CLANG_WARN_BOOL_CONVERSION = YES;
				CLANG_WARN_CONSTANT_CONVERSION = YES;
				CLANG_WARN_DIRECT_OBJC_ISA_USAGE = YES_ERROR;
				CLANG_WARN_DOCUMENTATION_COMMENTS = YES;
				CLANG_WARN_EMPTY_BODY = YES;
				CLANG_WARN_ENUM_CONVERSION = YES;
				CLANG_WARN_INT_CONVERSION = YES;
				CLANG_WARN_OBJC_ROOT_CLASS = YES_ERROR;
				CLANG_WARN_UNREACHABLE_CODE = YES;
				CLANG_WARN__DUPLICATE_METHOD_MATCH = YES;
				CODE_SIGN_IDENTITY = "-";
				COPY_PHASE_STRIP = NO;
				DEBUG_INFORMATION_FORMAT = "dwarf-with-dsym";
				ENABLE_NS_ASSERTIONS = NO;
				ENABLE_STRICT_OBJC_MSGSEND = YES;
				GCC_C_LANGUAGE_STANDARD = gnu99;
				GCC_NO_COMMON_BLOCKS = YES;
				GCC_WARN_64_TO_32_BIT_CONVERSION = YES;
				GCC_WARN_ABOUT_RETURN_TYPE = YES_ERROR;
				GCC_WARN_UNDECLARED_SELECTOR = YES;
				GCC_WARN_UNINITIALIZED_AUTOS = YES_AGGRESSIVE;
				GCC_WARN_UNUSED_FUNCTION = YES;
				GCC_WARN_UNUSED_VARIABLE = YES;
				MACOSX_DEPLOYMENT_TARGET = 10.12;
				MTL_ENABLE_DEBUG_INFO = NO;
				SDKROOT = macosx;
			};
			name = Release;
		};
		1DCC05FE1D1E67AD000C95A2 /* Debug */ = {
			isa = XCBuildConfiguration;
			buildSettings = {
				PRODUCT_NAME = "$(TARGET_NAME)";
			};
			name = Debug;
		};
		1DCC05FF1D1E67AD000C95A2 /* Release */ = {
			isa = XCBuildConfiguration;
			buildSettings = {
				PRODUCT_NAME = "$(TARGET_NAME)";
			};
			name = Release;
		};
/* End XCBuildConfiguration section */

/* Begin XCConfigurationList section */
		1DCC05F11D1E67AD000C95A2 /* Build configuration list for PBXProject "xcode-register" */ = {
			isa = XCConfigurationList;
			buildConfigurations = (
				1DCC05FB1D1E67AD000C95A2 /* Debug */,
				1DCC05FC1D1E67AD000C95A2 /* Release */,
			);
			defaultConfigurationIsVisible = 0;
			defaultConfigurationName = Release;
		};
		1DCC05FD1D1E67AD000C95A2 /* Build configuration list for PBXNativeTarget "xcode-register" */ = {
			isa = XCConfigurationList;
			buildConfigurations = (
				1DCC05FE1D1E67AD000C95A2 /* Debug */,
				1DCC05FF1D1E67AD000C95A2 /* Release */,
			);
			defaultConfigurationIsVisible = 0;
			defaultConfigurationName = Release;
		};
/* End XCConfigurationList section */
	};
	rootObject = 1DCC05EE1D1E67AD000C95A2 /* Project object */;
}
